
Microsoft Visual Studio Solution File, Format Version 12.00
# Visual Studio Version 16
VisualStudioVersion = 16.0.29102.190
MinimumVisualStudioVersion = 10.0.40219.1
Project("{FAE04EC0-301F-11D3-BF4B-00C04F79EFBC}") = "TestItem", "TestItem\TestItem.csproj", "{C2EC4489-F5B1-47F4-96F3-BF54BC086CA6}"
EndProject
Global
	GlobalSection(SolutionConfigurationPlatforms) = preSolution
		Debug|Any CPU = Debug|Any CPU
		Release|Any CPU = Release|Any CPU
	EndGlobalSection
	GlobalSection(ProjectConfigurationPlatforms) = postSolution
		{C2EC4489-F5B1-47F4-96F3-BF54BC086CA6}.Debug|Any CPU.ActiveCfg = Debug|Any CPU
		{C2EC4489-F5B1-47F4-96F3-BF54BC086CA6}.Debug|Any CPU.Build.0 = Debug|Any CPU
		{C2EC4489-F5B1-47F4-96F3-BF54BC086CA6}.Release|Any CPU.ActiveCfg = Release|Any CPU
		{C2EC4489-F5B1-47F4-96F3-BF54BC086CA6}.Release|Any CPU.Build.0 = Release|Any CPU
	EndGlobalSection
	GlobalSection(SolutionProperties) = preSolution
		HideSolutionNode = FALSE
	EndGlobalSection
	GlobalSection(ExtensibilityGlobals) = postSolution
		SolutionGuid = {24A911A0-8CD7-4004-98E3-86B223614DAD}
	EndGlobalSection
EndGlobal
