
Microsoft Visual Studio Solution File, Format Version 12.00
# Visual Studio 15
Project("{FAE04EC0-301F-11D3-BF4B-00C04F79EFBC}") = "GetPostRequests", "GetPostRequests\GetPostRequests.csproj", "{D07919C1-23E1-4E39-B583-2A14E720CB5A}"
EndProject
Global
	GlobalSection(SolutionConfigurationPlatforms) = preSolution
		Debug|Any CPU = Debug|Any CPU
		Release|Any CPU = Release|Any CPU
	EndGlobalSection
	GlobalSection(ProjectConfigurationPlatforms) = postSolution
		{D07919C1-23E1-4E39-B583-2A14E720CB5A}.Debug|Any CPU.ActiveCfg = Debug|Any CPU
		{D07919C1-23E1-4E39-B583-2A14E720CB5A}.Debug|Any CPU.Build.0 = Debug|Any CPU
		{D07919C1-23E1-4E39-B583-2A14E720CB5A}.Release|Any CPU.ActiveCfg = Release|Any CPU
		{D07919C1-23E1-4E39-B583-2A14E720CB5A}.Release|Any CPU.Build.0 = Release|Any CPU
	EndGlobalSection
EndGlobal
